<?xml version="1.0" encoding="utf-8"?>
<Project ToolsVersion="4.0" xmlns="http://schemas.microsoft.com/developer/msbuild/2003">
  <ItemGroup>
    <Filter Include="源文件">
      <UniqueIdentifier>{4FC737F1-C7A5-4376-A066-2A32D752A2FF}</UniqueIdentifier>
      <Extensions>cpp;c;cc;cxx;def;odl;idl;hpj;bat;asm;asmx</Extensions>
    </Filter>
    <Filter Include="头文件">
      <UniqueIdentifier>{93995380-89BD-4b04-88EB-625FBE52EBFB}</UniqueIdentifier>
      <Extensions>h;hh;hpp;hxx;hm;inl;inc;xsd</Extensions>
    </Filter>
    <Filter Include="资源文件">
      <UniqueIdentifier>{67DA6AB6-F800-4c08-8B7A-83BB121AAD01}</UniqueIdentifier>
      <Extensions>rc;ico;cur;bmp;dlg;rc2;rct;bin;rgs;gif;jpg;jpeg;jpe;resx;tiff;tif;png;wav;mfcribbon-ms</Extensions>
    </Filter>
    <Filter Include="include">
      <UniqueIdentifier>{3ec222ea-b8bd-4cb1-8e0f-d7e7ee564755}</UniqueIdentifier>
    </Filter>
    <Filter Include="kernel">
      <UniqueIdentifier>{fc5c5105-4335-4e86-b2e1-e7830fc8b47a}</UniqueIdentifier>
    </Filter>
    <Filter Include="include\driver">
      <UniqueIdentifier>{8fc78b9b-6e3c-4097-8832-87707962d34d}</UniqueIdentifier>
    </Filter>
    <Filter Include="include\zjunix">
      <UniqueIdentifier>{a268b7b6-9cba-47d7-a492-042b862930a2}</UniqueIdentifier>
    </Filter>
    <Filter Include="include\zjunix\vfs">
      <UniqueIdentifier>{49f4f936-9c85-464f-9428-aa141b49aac2}</UniqueIdentifier>
    </Filter>
    <Filter Include="kernel\vfs">
      <UniqueIdentifier>{00df6027-f4e5-434d-941f-a70f99113480}</UniqueIdentifier>
    </Filter>
    <Filter Include="kernel\time">
      <UniqueIdentifier>{9112bed0-e934-4807-94a3-d766cfbcd363}</UniqueIdentifier>
    </Filter>
    <Filter Include="usr">
      <UniqueIdentifier>{d6c86519-2c72-4098-b577-b120ee259d63}</UniqueIdentifier>
    </Filter>
  </ItemGroup>
  <ItemGroup>
    <ClInclude Include="include\driver\ps2.h">
      <Filter>include\driver</Filter>
    </ClInclude>
    <ClInclude Include="include\driver\sd.h">
      <Filter>include\driver</Filter>
    </ClInclude>
    <ClInclude Include="include\driver\vga.h">
      <Filter>include\driver</Filter>
    </ClInclude>
    <ClInclude Include="include\zjunix\bootmm.h">
      <Filter>include\zjunix</Filter>
    </ClInclude>
    <ClInclude Include="include\zjunix\buddy.h">
      <Filter>include\zjunix</Filter>
    </ClInclude>
    <ClInclude Include="include\zjunix\list.h">
      <Filter>include\zjunix</Filter>
    </ClInclude>
    <ClInclude Include="include\zjunix\lock.h">
      <Filter>include\zjunix</Filter>
    </ClInclude>
    <ClInclude Include="include\zjunix\log.h">
      <Filter>include\zjunix</Filter>
    </ClInclude>
    <ClInclude Include="include\zjunix\mylock.h">
      <Filter>include\zjunix</Filter>
    </ClInclude>
    <ClInclude Include="include\zjunix\page.h">
      <Filter>include\zjunix</Filter>
    </ClInclude>
    <ClInclude Include="include\zjunix\pc.h">
      <Filter>include\zjunix</Filter>
    </ClInclude>
    <ClInclude Include="include\zjunix\pid.h">
      <Filter>include\zjunix</Filter>
    </ClInclude>
    <ClInclude Include="include\zjunix\slab.h">
      <Filter>include\zjunix</Filter>
    </ClInclude>
    <ClInclude Include="include\zjunix\syscall.h">
      <Filter>include\zjunix</Filter>
    </ClInclude>
    <ClInclude Include="include\zjunix\time.h">
      <Filter>include\zjunix</Filter>
    </ClInclude>
    <ClInclude Include="include\zjunix\type.h">
      <Filter>include\zjunix</Filter>
    </ClInclude>
    <ClInclude Include="include\zjunix\utils.h">
      <Filter>include\zjunix</Filter>
    </ClInclude>
    <ClInclude Include="include\zjunix\vm.h">
      <Filter>include\zjunix</Filter>
    </ClInclude>
    <ClInclude Include="include\zjunix\vfs\err.h">
      <Filter>include\zjunix\vfs</Filter>
    </ClInclude>
    <ClInclude Include="include\zjunix\vfs\errno.h">
      <Filter>include\zjunix\vfs</Filter>
    </ClInclude>
    <ClInclude Include="include\zjunix\vfs\ext2.h">
      <Filter>include\zjunix\vfs</Filter>
    </ClInclude>
    <ClInclude Include="include\zjunix\vfs\fat32.h">
      <Filter>include\zjunix\vfs</Filter>
    </ClInclude>
    <ClInclude Include="include\zjunix\vfs\vfs.h">
      <Filter>include\zjunix\vfs</Filter>
    </ClInclude>
    <ClInclude Include="include\zjunix\vfs\vfscache.h">
      <Filter>include\zjunix\vfs</Filter>
    </ClInclude>
    <ClInclude Include="include\zjunix\vfs\semaphore.h">
      <Filter>include\zjunix\vfs</Filter>
    </ClInclude>
  </ItemGroup>
  <ItemGroup>
    <ClCompile Include="kernel\vfs\ext2.c">
      <Filter>kernel\vfs</Filter>
    </ClCompile>
    <ClCompile Include="kernel\vfs\fat32.c">
      <Filter>kernel\vfs</Filter>
    </ClCompile>
    <ClCompile Include="kernel\vfs\mount.c">
      <Filter>kernel\vfs</Filter>
    </ClCompile>
    <ClCompile Include="kernel\vfs\open.c">
      <Filter>kernel\vfs</Filter>
    </ClCompile>
    <ClCompile Include="kernel\vfs\read_write.c">
      <Filter>kernel\vfs</Filter>
    </ClCompile>
    <ClCompile Include="kernel\vfs\usr.c">
      <Filter>kernel\vfs</Filter>
    </ClCompile>
    <ClCompile Include="kernel\vfs\utils.c">
      <Filter>kernel\vfs</Filter>
    </ClCompile>
    <ClCompile Include="kernel\vfs\vfs.c">
      <Filter>kernel\vfs</Filter>
    </ClCompile>
    <ClCompile Include="kernel\vfs\vfscache.c">
      <Filter>kernel\vfs</Filter>
    </ClCompile>
    <ClCompile Include="kernel\time\time.c">
      <Filter>kernel\time</Filter>
    </ClCompile>
    <ClCompile Include="usr\exec.c">
      <Filter>usr</Filter>
    </ClCompile>
    <ClCompile Include="usr\ls.c">
      <Filter>usr</Filter>
    </ClCompile>
    <ClCompile Include="usr\myvi.c">
      <Filter>usr</Filter>
    </ClCompile>
    <ClCompile Include="usr\ps.c">
      <Filter>usr</Filter>
    </ClCompile>
  </ItemGroup>
</Project>